
Microsoft Visual Studio Solution File, Format Version 12.00
# Visual Studio Version 16
VisualStudioVersion = 16.0.30204.135
MinimumVisualStudioVersion = 10.0.40219.1
Project("{9A19103F-16F7-4668-BE54-9A1E7A4F7556}") = "CraB.Core", "CraB.Core\CraB.Core.csproj", "{C2D24960-E278-4A0A-BA1A-BD472D738B22}"
EndProject
Project("{9A19103F-16F7-4668-BE54-9A1E7A4F7556}") = "CraB.Sql", "CraB.Sql\CraB.Sql.csproj", "{7BD996CB-0AE6-4778-B193-9E6F668D2007}"
EndProject
Project("{9A19103F-16F7-4668-BE54-9A1E7A4F7556}") = "CraB.Debug", "CraB.Debug\CraB.Debug.csproj", "{54390912-A000-49A7-BEF9-406CE6112C8C}"
EndProject
Project("{9A19103F-16F7-4668-BE54-9A1E7A4F7556}") = "CraB.Web", "CraB.Web\CraB.Web.csproj", "{1D552C7D-8FE3-4819-B419-4301CED1726E}"
EndProject
Global
	GlobalSection(SolutionConfigurationPlatforms) = preSolution
		Debug|Any CPU = Debug|Any CPU
		Release|Any CPU = Release|Any CPU
	EndGlobalSection
	GlobalSection(ProjectConfigurationPlatforms) = postSolution
		{C2D24960-E278-4A0A-BA1A-BD472D738B22}.Debug|Any CPU.ActiveCfg = Debug|Any CPU
		{C2D24960-E278-4A0A-BA1A-BD472D738B22}.Debug|Any CPU.Build.0 = Debug|Any CPU
		{C2D24960-E278-4A0A-BA1A-BD472D738B22}.Release|Any CPU.ActiveCfg = Release|Any CPU
		{C2D24960-E278-4A0A-BA1A-BD472D738B22}.Release|Any CPU.Build.0 = Release|Any CPU
		{7BD996CB-0AE6-4778-B193-9E6F668D2007}.Debug|Any CPU.ActiveCfg = Debug|Any CPU
		{7BD996CB-0AE6-4778-B193-9E6F668D2007}.Debug|Any CPU.Build.0 = Debug|Any CPU
		{7BD996CB-0AE6-4778-B193-9E6F668D2007}.Release|Any CPU.ActiveCfg = Release|Any CPU
		{7BD996CB-0AE6-4778-B193-9E6F668D2007}.Release|Any CPU.Build.0 = Release|Any CPU
		{54390912-A000-49A7-BEF9-406CE6112C8C}.Debug|Any CPU.ActiveCfg = Debug|Any CPU
		{54390912-A000-49A7-BEF9-406CE6112C8C}.Debug|Any CPU.Build.0 = Debug|Any CPU
		{54390912-A000-49A7-BEF9-406CE6112C8C}.Release|Any CPU.ActiveCfg = Release|Any CPU
		{54390912-A000-49A7-BEF9-406CE6112C8C}.Release|Any CPU.Build.0 = Release|Any CPU
		{1D552C7D-8FE3-4819-B419-4301CED1726E}.Debug|Any CPU.ActiveCfg = Debug|Any CPU
		{1D552C7D-8FE3-4819-B419-4301CED1726E}.Debug|Any CPU.Build.0 = Debug|Any CPU
		{1D552C7D-8FE3-4819-B419-4301CED1726E}.Release|Any CPU.ActiveCfg = Release|Any CPU
		{1D552C7D-8FE3-4819-B419-4301CED1726E}.Release|Any CPU.Build.0 = Release|Any CPU
	EndGlobalSection
	GlobalSection(SolutionProperties) = preSolution
		HideSolutionNode = FALSE
	EndGlobalSection
	GlobalSection(ExtensibilityGlobals) = postSolution
		SolutionGuid = {70A3E585-0CE9-4406-8808-75D9B5914380}
	EndGlobalSection
EndGlobal
